
Microsoft Visual Studio Solution File, Format Version 12.00
# Visual Studio 15
VisualStudioVersion = 15.0.27703.2035
MinimumVisualStudioVersion = 10.0.40219.1
Project("{9092AA53-FB77-4645-B42D-1CCCA6BD08BD}") = "discomcloud_sitenode_backend_apirest", "discomcloud_sitenode_backend_apirest\discomcloud_sitenode_backend_apirest.njsproj", "{5D3B2690-EF48-4FF3-9B23-78C69A04B6CD}"
EndProject
Global
	GlobalSection(SolutionConfigurationPlatforms) = preSolution
		Debug|Any CPU = Debug|Any CPU
		Release|Any CPU = Release|Any CPU
	EndGlobalSection
	GlobalSection(ProjectConfigurationPlatforms) = postSolution
		{5D3B2690-EF48-4FF3-9B23-78C69A04B6CD}.Debug|Any CPU.ActiveCfg = Debug|Any CPU
		{5D3B2690-EF48-4FF3-9B23-78C69A04B6CD}.Debug|Any CPU.Build.0 = Debug|Any CPU
		{5D3B2690-EF48-4FF3-9B23-78C69A04B6CD}.Release|Any CPU.ActiveCfg = Release|Any CPU
		{5D3B2690-EF48-4FF3-9B23-78C69A04B6CD}.Release|Any CPU.Build.0 = Release|Any CPU
	EndGlobalSection
	GlobalSection(SolutionProperties) = preSolution
		HideSolutionNode = FALSE
	EndGlobalSection
	GlobalSection(ExtensibilityGlobals) = postSolution
		SolutionGuid = {35C56D8F-CF4C-4FDE-AAD9-0EFECD9DA031}
	EndGlobalSection
EndGlobal
